// !$*UTF8*$!
{
	archiveVersion = 1;
	classes = {
	};
	objectVersion = 77;
	objects = {

/* Begin PBXBuildFile section */
		15285E01F9FE3C0D4ECB195D /* RootView.swift in Sources */ = {isa = PBXBuildFile; fileRef = F99A94349CB6E3902E291B7E /* RootView.swift */; };
		8F77FD41C881448253EFAAA0 /* LookinServer in Frameworks */ = {isa = PBXBuildFile; productRef = 09C364AE6347CFC59147A410 /* LookinServer */; };
		B479B95A52A53F15437A6004 /* LookInsideExampleApp.swift in Sources */ = {isa = PBXBuildFile; fileRef = 7CB03C6E33ED0AE241513294 /* LookInsideExampleApp.swift */; };
/* End PBXBuildFile section */

/* Begin PBXFileReference section */
		7CB03C6E33ED0AE241513294 /* LookInsideExampleApp.swift */ = {isa = PBXFileReference; lastKnownFileType = sourcecode.swift; path = LookInsideExampleApp.swift; sourceTree = "<group>"; };
		86DBE1188AE093AB9D554244 /* Info.plist */ = {isa = PBXFileReference; lastKnownFileType = text.plist; path = Info.plist; sourceTree = "<group>"; };
		94CD6168DCF7475BB1D51569 /* LookInsideServer */ = {isa = PBXFileReference; lastKnownFileType = folder; name = LookInsideServer; path = ../LookInsideServer; sourceTree = SOURCE_ROOT; };
		C9AF067150078B98C9C8EAD2 /* LookInsideExample-iOS.app */ = {isa = PBXFileReference; includeInIndex = 0; lastKnownFileType = wrapper.application; path = "LookInsideExample-iOS.app"; sourceTree = BUILT_PRODUCTS_DIR; };
		F99A94349CB6E3902E291B7E /* RootView.swift */ = {isa = PBXFileReference; lastKnownFileType = sourcecode.swift; path = RootView.swift; sourceTree = "<group>"; };
/* End PBXFileReference section */

/* Begin PBXFrameworksBuildPhase section */
		264E113876C04A43808FED0F /* Frameworks */ = {
			isa = PBXFrameworksBuildPhase;
			buildActionMask = 2147483647;
			files = (
				8F77FD41C881448253EFAAA0 /* LookinServer in Frameworks */,
			);
			runOnlyForDeploymentPostprocessing = 0;
		};
/* End PBXFrameworksBuildPhase section */

/* Begin PBXGroup section */
		0D030A2F3A3F123545A977FA /* Sources */ = {
			isa = PBXGroup;
			children = (
				A5D7C9CE6969027147365F5C /* LookInsideExampleApp */,
			);
			path = Sources;
			sourceTree = "<group>";
		};
		2940E830AC22AA9E64F69F52 = {
			isa = PBXGroup;
			children = (
				DC585415755ADF401E14CC32 /* Packages */,
				0D030A2F3A3F123545A977FA /* Sources */,
				76A3142F2E28311C669A37C6 /* Products */,
			);
			sourceTree = "<group>";
		};
		76A3142F2E28311C669A37C6 /* Products */ = {
			isa = PBXGroup;
			children = (
				C9AF067150078B98C9C8EAD2 /* LookInsideExample-iOS.app */,
			);
			name = Products;
			sourceTree = "<group>";
		};
		A5D7C9CE6969027147365F5C /* LookInsideExampleApp */ = {
			isa = PBXGroup;
			children = (
				86DBE1188AE093AB9D554244 /* Info.plist */,
				7CB03C6E33ED0AE241513294 /* LookInsideExampleApp.swift */,
				F99A94349CB6E3902E291B7E /* RootView.swift */,
			);
			path = LookInsideExampleApp;
			sourceTree = "<group>";
		};
		DC585415755ADF401E14CC32 /* Packages */ = {
			isa = PBXGroup;
			children = (
				94CD6168DCF7475BB1D51569 /* LookInsideServer */,
			);
			name = Packages;
			sourceTree = "<group>";
		};
/* End PBXGroup section */

/* Begin PBXNativeTarget section */
		672DBAD267B146C9EEBAC96C /* LookInsideExample-iOS */ = {
			isa = PBXNativeTarget;
			buildConfigurationList = 80443BE49B438E5738DA5EA7 /* Build configuration list for PBXNativeTarget "LookInsideExample-iOS" */;
			buildPhases = (
				7C2FAFA820D7E3CDC2BC35E9 /* Sources */,
				264E113876C04A43808FED0F /* Frameworks */,
			);
			buildRules = (
			);
			dependencies = (
			);
			name = "LookInsideExample-iOS";
			packageProductDependencies = (
				09C364AE6347CFC59147A410 /* LookinServer */,
			);
			productName = "LookInsideExample-iOS";
			productReference = C9AF067150078B98C9C8EAD2 /* LookInsideExample-iOS.app */;
			productType = "com.apple.product-type.application";
		};
/* End PBXNativeTarget section */

/* Begin PBXProject section */
		5C6A86750E73D4D3665A58E4 /* Project object */ = {
			isa = PBXProject;
			attributes = {
				BuildIndependentTargetsInParallel = YES;
				LastUpgradeCheck = 1430;
				TargetAttributes = {
					672DBAD267B146C9EEBAC96C = {
						DevelopmentTeam = "";
						ProvisioningStyle = Manual;
					};
				};
			};
			buildConfigurationList = 0E91C17CD341845F1CBFFC8F /* Build configuration list for PBXProject "LookInsideExample-iOS" */;
			developmentRegion = en;
			hasScannedForEncodings = 0;
			knownRegions = (
				Base,
				en,
			);
			mainGroup = 2940E830AC22AA9E64F69F52;
			minimizedProjectReferenceProxies = 1;
			packageReferences = (
				1026D4763B8BBC6657C712EB /* XCLocalSwiftPackageReference "../LookInsideServer" */,
			);
			preferredProjectObjectVersion = 77;
			productRefGroup = 76A3142F2E28311C669A37C6 /* Products */;
			projectDirPath = "";
			projectRoot = "";
			targets = (
				672DBAD267B146C9EEBAC96C /* LookInsideExample-iOS */,
			);
		};
/* End PBXProject section */

/* Begin PBXSourcesBuildPhase section */
		7C2FAFA820D7E3CDC2BC35E9 /* Sources */ = {
			isa = PBXSourcesBuildPhase;
			buildActionMask = 2147483647;
			files = (
				B479B95A52A53F15437A6004 /* LookInsideExampleApp.swift in Sources */,
				15285E01F9FE3C0D4ECB195D /* RootView.swift in Sources */,
			);
			runOnlyForDeploymentPostprocessing = 0;
		};
/* End PBXSourcesBuildPhase section */

/* Begin XCBuildConfiguration section */
		38C1ABDF3D0F1AD64EA9806B /* Release */ = {
			isa = XCBuildConfiguration;
			buildSettings = {
				ALWAYS_SEARCH_USER_PATHS = NO;
				CLANG_ANALYZER_NONNULL = YES;
				CLANG_ANALYZER_NUMBER_OBJECT_CONVERSION = YES_AGGRESSIVE;
				CLANG_CXX_LANGUAGE_STANDARD = "gnu++14";
				CLANG_CXX_LIBRARY = "libc++";
				CLANG_ENABLE_MODULES = YES;
				CLANG_ENABLE_OBJC_ARC = YES;
				CLANG_ENABLE_OBJC_WEAK = YES;
				CLANG_WARN_BLOCK_CAPTURE_AUTORELEASING = YES;
				CLANG_WARN_BOOL_CONVERSION = YES;
				CLANG_WARN_COMMA = YES;
				CLANG_WARN_CONSTANT_CONVERSION = YES;
				CLANG_WARN_DEPRECATED_OBJC_IMPLEMENTATIONS = YES;
				CLANG_WARN_DIRECT_OBJC_ISA_USAGE = YES_ERROR;
				CLANG_WARN_DOCUMENTATION_COMMENTS = YES;
				CLANG_WARN_EMPTY_BODY = YES;
				CLANG_WARN_ENUM_CONVERSION = YES;
				CLANG_WARN_INFINITE_RECURSION = YES;
				CLANG_WARN_INT_CONVERSION = YES;
				CLANG_WARN_NON_LITERAL_NULL_CONVERSION = YES;
				CLANG_WARN_OBJC_IMPLICIT_RETAIN_SELF = YES;
				CLANG_WARN_OBJC_LITERAL_CONVERSION = YES;
				CLANG_WARN_OBJC_ROOT_CLASS = YES_ERROR;
				CLANG_WARN_QUOTED_INCLUDE_IN_FRAMEWORK_HEADER = YES;
				CLANG_WARN_RANGE_LOOP_ANALYSIS = YES;
				CLANG_WARN_STRICT_PROTOTYPES = YES;
				CLANG_WARN_SUSPICIOUS_MOVE = YES;
				CLANG_WARN_UNGUARDED_AVAILABILITY = YES_AGGRESSIVE;
				CLANG_WARN_UNREACHABLE_CODE = YES;
				CLANG_WARN__DUPLICATE_METHOD_MATCH = YES;
				CODE_SIGNING_ALLOWED = YES;
				"CODE_SIGNING_ALLOWED[sdk=iphoneos*]" = NO;
				CODE_SIGNING_REQUIRED = NO;
				CODE_SIGN_IDENTITY = "-";
				"CODE_SIGN_IDENTITY[sdk=iphoneos*]" = "";
				CODE_SIGN_STYLE = Manual;
				COPY_PHASE_STRIP = NO;
				DEBUG_INFORMATION_FORMAT = "dwarf-with-dsym";
				DEVELOPMENT_TEAM = "";
				ENABLE_NS_ASSERTIONS = NO;
				ENABLE_STRICT_OBJC_MSGSEND = YES;
				ENABLE_USER_SCRIPT_SANDBOXING = NO;
				GCC_C_LANGUAGE_STANDARD = gnu11;
				GCC_NO_COMMON_BLOCKS = YES;
				GCC_WARN_64_TO_32_BIT_CONVERSION = YES;
				GCC_WARN_ABOUT_RETURN_TYPE = YES_ERROR;
				GCC_WARN_UNDECLARED_SELECTOR = YES;
				GCC_WARN_UNINITIALIZED_AUTOS = YES_AGGRESSIVE;
				GCC_WARN_UNUSED_FUNCTION = YES;
				GCC_WARN_UNUSED_VARIABLE = YES;
				IPHONEOS_DEPLOYMENT_TARGET = 16.0;
				MTL_ENABLE_DEBUG_INFO = NO;
				MTL_FAST_MATH = YES;
				PRODUCT_NAME = "$(TARGET_NAME)";
				SDKROOT = iphoneos;
				SWIFT_COMPILATION_MODE = wholemodule;
				SWIFT_OPTIMIZATION_LEVEL = "-O";
				SWIFT_VERSION = 5.10;
			};
			name = Release;
		};
		837E0510D576A53253FAD2AD /* Release */ = {
			isa = XCBuildConfiguration;
			buildSettings = {
				ASSETCATALOG_COMPILER_APPICON_NAME = AppIcon;
				CODE_SIGN_IDENTITY = "iPhone Developer";
				GENERATE_INFOPLIST_FILE = NO;
				INFOPLIST_FILE = Sources/LookInsideExampleApp/Info.plist;
				LD_RUNPATH_SEARCH_PATHS = (
					"$(inherited)",
					"@executable_path/Frameworks",
				);
				PRODUCT_BUNDLE_IDENTIFIER = app.lookinside.example.ios;
				SDKROOT = iphoneos;
				TARGETED_DEVICE_FAMILY = "1,2";
			};
			name = Release;
		};
		88EEB4259695E8F7CC62DE12 /* Debug */ = {
			isa = XCBuildConfiguration;
			buildSettings = {
				ALWAYS_SEARCH_USER_PATHS = NO;
				CLANG_ANALYZER_NONNULL = YES;
				CLANG_ANALYZER_NUMBER_OBJECT_CONVERSION = YES_AGGRESSIVE;
				CLANG_CXX_LANGUAGE_STANDARD = "gnu++14";
				CLANG_CXX_LIBRARY = "libc++";
				CLANG_ENABLE_MODULES = YES;
				CLANG_ENABLE_OBJC_ARC = YES;
				CLANG_ENABLE_OBJC_WEAK = YES;
				CLANG_WARN_BLOCK_CAPTURE_AUTORELEASING = YES;
				CLANG_WARN_BOOL_CONVERSION = YES;
				CLANG_WARN_COMMA = YES;
				CLANG_WARN_CONSTANT_CONVERSION = YES;
				CLANG_WARN_DEPRECATED_OBJC_IMPLEMENTATIONS = YES;
				CLANG_WARN_DIRECT_OBJC_ISA_USAGE = YES_ERROR;
				CLANG_WARN_DOCUMENTATION_COMMENTS = YES;
				CLANG_WARN_EMPTY_BODY = YES;
				CLANG_WARN_ENUM_CONVERSION = YES;
				CLANG_WARN_INFINITE_RECURSION = YES;
				CLANG_WARN_INT_CONVERSION = YES;
				CLANG_WARN_NON_LITERAL_NULL_CONVERSION = YES;
				CLANG_WARN_OBJC_IMPLICIT_RETAIN_SELF = YES;
				CLANG_WARN_OBJC_LITERAL_CONVERSION = YES;
				CLANG_WARN_OBJC_ROOT_CLASS = YES_ERROR;
				CLANG_WARN_QUOTED_INCLUDE_IN_FRAMEWORK_HEADER = YES;
				CLANG_WARN_RANGE_LOOP_ANALYSIS = YES;
				CLANG_WARN_STRICT_PROTOTYPES = YES;
				CLANG_WARN_SUSPICIOUS_MOVE = YES;
				CLANG_WARN_UNGUARDED_AVAILABILITY = YES_AGGRESSIVE;
				CLANG_WARN_UNREACHABLE_CODE = YES;
				CLANG_WARN__DUPLICATE_METHOD_MATCH = YES;
				CODE_SIGNING_ALLOWED = YES;
				"CODE_SIGNING_ALLOWED[sdk=iphoneos*]" = NO;
				CODE_SIGNING_REQUIRED = NO;
				CODE_SIGN_IDENTITY = "-";
				"CODE_SIGN_IDENTITY[sdk=iphoneos*]" = "";
				CODE_SIGN_STYLE = Manual;
				COPY_PHASE_STRIP = NO;
				DEBUG_INFORMATION_FORMAT = dwarf;
				DEVELOPMENT_TEAM = "";
				ENABLE_STRICT_OBJC_MSGSEND = YES;
				ENABLE_TESTABILITY = YES;
				ENABLE_USER_SCRIPT_SANDBOXING = NO;
				GCC_C_LANGUAGE_STANDARD = gnu11;
				GCC_DYNAMIC_NO_PIC = NO;
				GCC_NO_COMMON_BLOCKS = YES;
				GCC_OPTIMIZATION_LEVEL = 0;
				GCC_PREPROCESSOR_DEFINITIONS = (
					"$(inherited)",
					"DEBUG=1",
				);
				GCC_WARN_64_TO_32_BIT_CONVERSION = YES;
				GCC_WARN_ABOUT_RETURN_TYPE = YES_ERROR;
				GCC_WARN_UNDECLARED_SELECTOR = YES;
				GCC_WARN_UNINITIALIZED_AUTOS = YES_AGGRESSIVE;
				GCC_WARN_UNUSED_FUNCTION = YES;
				GCC_WARN_UNUSED_VARIABLE = YES;
				IPHONEOS_DEPLOYMENT_TARGET = 16.0;
				MTL_ENABLE_DEBUG_INFO = INCLUDE_SOURCE;
				MTL_FAST_MATH = YES;
				ONLY_ACTIVE_ARCH = YES;
				PRODUCT_NAME = "$(TARGET_NAME)";
				SDKROOT = iphoneos;
				SWIFT_ACTIVE_COMPILATION_CONDITIONS = DEBUG;
				SWIFT_OPTIMIZATION_LEVEL = "-Onone";
				SWIFT_VERSION = 5.10;
			};
			name = Debug;
		};
		C64EEE938DEEE9BFB6997846 /* Debug */ = {
			isa = XCBuildConfiguration;
			buildSettings = {
				ASSETCATALOG_COMPILER_APPICON_NAME = AppIcon;
				CODE_SIGN_IDENTITY = "iPhone Developer";
				GENERATE_INFOPLIST_FILE = NO;
				INFOPLIST_FILE = Sources/LookInsideExampleApp/Info.plist;
				LD_RUNPATH_SEARCH_PATHS = (
					"$(inherited)",
					"@executable_path/Frameworks",
				);
				PRODUCT_BUNDLE_IDENTIFIER = app.lookinside.example.ios;
				SDKROOT = iphoneos;
				TARGETED_DEVICE_FAMILY = "1,2";
			};
			name = Debug;
		};
/* End XCBuildConfiguration section */

/* Begin XCConfigurationList section */
		0E91C17CD341845F1CBFFC8F /* Build configuration list for PBXProject "LookInsideExample-iOS" */ = {
			isa = XCConfigurationList;
			buildConfigurations = (
				88EEB4259695E8F7CC62DE12 /* Debug */,
				38C1ABDF3D0F1AD64EA9806B /* Release */,
			);
			defaultConfigurationIsVisible = 0;
			defaultConfigurationName = Debug;
		};
		80443BE49B438E5738DA5EA7 /* Build configuration list for PBXNativeTarget "LookInsideExample-iOS" */ = {
			isa = XCConfigurationList;
			buildConfigurations = (
				C64EEE938DEEE9BFB6997846 /* Debug */,
				837E0510D576A53253FAD2AD /* Release */,
			);
			defaultConfigurationIsVisible = 0;
			defaultConfigurationName = Debug;
		};
/* End XCConfigurationList section */

/* Begin XCLocalSwiftPackageReference section */
		1026D4763B8BBC6657C712EB /* XCLocalSwiftPackageReference "../LookInsideServer" */ = {
			isa = XCLocalSwiftPackageReference;
			relativePath = ../LookInsideServer;
		};
/* End XCLocalSwiftPackageReference section */

/* Begin XCSwiftPackageProductDependency section */
		09C364AE6347CFC59147A410 /* LookinServer */ = {
			isa = XCSwiftPackageProductDependency;
			productName = LookinServer;
		};
/* End XCSwiftPackageProductDependency section */
	};
	rootObject = 5C6A86750E73D4D3665A58E4 /* Project object */;
}
